
Microsoft Visual Studio Solution File, Format Version 12.00
# Visual Studio Version 17
VisualStudioVersion = 17.3.32811.315
MinimumVisualStudioVersion = 10.0.40219.1
Project("{FAE04EC0-301F-11D3-BF4B-00C04F79EFBC}") = "listaa 11", "listaa 11\listaa 11.csproj", "{6E8ED403-DFE2-49D0-91FA-30CBB17631E1}"
EndProject
Global
	GlobalSection(SolutionConfigurationPlatforms) = preSolution
		Debug|Any CPU = Debug|Any CPU
		Release|Any CPU = Release|Any CPU
	EndGlobalSection
	GlobalSection(ProjectConfigurationPlatforms) = postSolution
		{6E8ED403-DFE2-49D0-91FA-30CBB17631E1}.Debug|Any CPU.ActiveCfg = Debug|Any CPU
		{6E8ED403-DFE2-49D0-91FA-30CBB17631E1}.Debug|Any CPU.Build.0 = Debug|Any CPU
		{6E8ED403-DFE2-49D0-91FA-30CBB17631E1}.Release|Any CPU.ActiveCfg = Release|Any CPU
		{6E8ED403-DFE2-49D0-91FA-30CBB17631E1}.Release|Any CPU.Build.0 = Release|Any CPU
	EndGlobalSection
	GlobalSection(SolutionProperties) = preSolution
		HideSolutionNode = FALSE
	EndGlobalSection
	GlobalSection(ExtensibilityGlobals) = postSolution
		SolutionGuid = {F719CBEB-F0D1-4091-AFCB-2F9D878246AF}
	EndGlobalSection
EndGlobal
